
Microsoft Visual Studio Solution File, Format Version 12.00
# Visual Studio Version 17
VisualStudioVersion = 17.13.35919.96
MinimumVisualStudioVersion = 10.0.40219.1
Project("{FAE04EC0-301F-11D3-BF4B-00C04F79EFBC}") = "SlugCrafting", "src\SlugCrafting.csproj", "{81D1F7AA-CEA2-BB03-DD90-0DFEA72E5E68}"
EndProject
Global
	GlobalSection(SolutionConfigurationPlatforms) = preSolution
		Debug|Any CPU = Debug|Any CPU
		Release|Any CPU = Release|Any CPU
	EndGlobalSection
	GlobalSection(ProjectConfigurationPlatforms) = postSolution
		{81D1F7AA-CEA2-BB03-DD90-0DFEA72E5E68}.Debug|Any CPU.ActiveCfg = Debug|Any CPU
		{81D1F7AA-CEA2-BB03-DD90-0DFEA72E5E68}.Debug|Any CPU.Build.0 = Debug|Any CPU
		{81D1F7AA-CEA2-BB03-DD90-0DFEA72E5E68}.Release|Any CPU.ActiveCfg = Release|Any CPU
		{81D1F7AA-CEA2-BB03-DD90-0DFEA72E5E68}.Release|Any CPU.Build.0 = Release|Any CPU
	EndGlobalSection
	GlobalSection(SolutionProperties) = preSolution
		HideSolutionNode = FALSE
	EndGlobalSection
	GlobalSection(ExtensibilityGlobals) = postSolution
		SolutionGuid = {52915A75-25C7-4054-BEEF-6D10BD93352E}
	EndGlobalSection
EndGlobal
